// !$*UTF8*$!
{
	archiveVersion = 1;
	classes = {
	};
	objectVersion = 48;
	objects = {

/* Begin PBXBuildFile section */
		3506429424213E6C005A1B82 /* CoreServices.framework in Frameworks */ = {isa = PBXBuildFile; fileRef = 3506429324213E6C005A1B82 /* CoreServices.framework */; };
		35AFDB7E2431FBA7006AE732 /* YYTextMagnifier.m in Sources */ = {isa = PBXBuildFile; fileRef = 35AFDB4C2431FBA6006AE732 /* YYTextMagnifier.m */; };
		35AFDB7F2431FBA7006AE732 /* YYTextRunDelegate.m in Sources */ = {isa = PBXBuildFile; fileRef = 35AFDB4D2431FBA6006AE732 /* YYTextRunDelegate.m */; };
		35AFDB802431FBA7006AE732 /* YYTextContainerView.m in Sources */ = {isa = PBXBuildFile; fileRef = 35AFDB4E2431FBA6006AE732 /* YYTextContainerView.m */; };
		35AFDB812431FBA7006AE732 /* YYTextUtilities.m in Sources */ = {isa = PBXBuildFile; fileRef = 35AFDB4F2431FBA6006AE732 /* YYTextUtilities.m */; };
		35AFDB822431FBA7006AE732 /* YYTextEffectWindow.m in Sources */ = {isa = PBXBuildFile; fileRef = 35AFDB502431FBA6006AE732 /* YYTextEffectWindow.m */; };
		35AFDB832431FBA7006AE732 /* YYTextView.m in Sources */ = {isa = PBXBuildFile; fileRef = 35AFDB512431FBA6006AE732 /* YYTextView.m */; };
		35AFDB842431FBA7006AE732 /* NSParagraphStyle+YYText.m in Sources */ = {isa = PBXBuildFile; fileRef = 35AFDB522431FBA6006AE732 /* NSParagraphStyle+YYText.m */; };
		35AFDB852431FBA7006AE732 /* YYTextParser.m in Sources */ = {isa = PBXBuildFile; fileRef = 35AFDB532431FBA6006AE732 /* YYTextParser.m */; };
		35AFDB862431FBA7006AE732 /* YYTextSelectionView.h in Headers */ = {isa = PBXBuildFile; fileRef = 35AFDB552431FBA6006AE732 /* YYTextSelectionView.h */; };
		35AFDB872431FBA7006AE732 /* YYTextLine.h in Headers */ = {isa = PBXBuildFile; fileRef = 35AFDB562431FBA6006AE732 /* YYTextLine.h */; };
		35AFDB882431FBA7006AE732 /* YYTextLayout.h in Headers */ = {isa = PBXBuildFile; fileRef = 35AFDB572431FBA6006AE732 /* YYTextLayout.h */; };
		35AFDB892431FBA7006AE732 /* YYText.h in Headers */ = {isa = PBXBuildFile; fileRef = 35AFDB582431FBA6006AE732 /* YYText.h */; };
		35AFDB8A2431FBA7006AE732 /* YYTextKeyboardManager.h in Headers */ = {isa = PBXBuildFile; fileRef = 35AFDB592431FBA6006AE732 /* YYTextKeyboardManager.h */; };
		35AFDB8B2431FBA7006AE732 /* YYTextAttribute.h in Headers */ = {isa = PBXBuildFile; fileRef = 35AFDB5A2431FBA6006AE732 /* YYTextAttribute.h */; };
		35AFDB8C2431FBA7006AE732 /* UIView+YYText.h in Headers */ = {isa = PBXBuildFile; fileRef = 35AFDB5B2431FBA6006AE732 /* UIView+YYText.h */; };
		35AFDB8D2431FBA7006AE732 /* YYTextTransaction.h in Headers */ = {isa = PBXBuildFile; fileRef = 35AFDB5C2431FBA7006AE732 /* YYTextTransaction.h */; };
		35AFDB8E2431FBA7006AE732 /* YYTextDebugOption.h in Headers */ = {isa = PBXBuildFile; fileRef = 35AFDB5D2431FBA7006AE732 /* YYTextDebugOption.h */; };
		35AFDB8F2431FBA7006AE732 /* YYTextRubyAnnotation.h in Headers */ = {isa = PBXBuildFile; fileRef = 35AFDB5E2431FBA7006AE732 /* YYTextRubyAnnotation.h */; };
		35AFDB902431FBA7006AE732 /* YYTextWeakProxy.h in Headers */ = {isa = PBXBuildFile; fileRef = 35AFDB5F2431FBA7006AE732 /* YYTextWeakProxy.h */; };
		35AFDB912431FBA7006AE732 /* YYTextArchiver.h in Headers */ = {isa = PBXBuildFile; fileRef = 35AFDB602431FBA7006AE732 /* YYTextArchiver.h */; };
		35AFDB922431FBA7006AE732 /* YYTextAsyncLayer.h in Headers */ = {isa = PBXBuildFile; fileRef = 35AFDB612431FBA7006AE732 /* YYTextAsyncLayer.h */; };
		35AFDB932431FBA7006AE732 /* YYTextMagnifier.h in Headers */ = {isa = PBXBuildFile; fileRef = 35AFDB622431FBA7006AE732 /* YYTextMagnifier.h */; };
		35AFDB942431FBA7006AE732 /* YYTextEffectWindow.h in Headers */ = {isa = PBXBuildFile; fileRef = 35AFDB632431FBA7006AE732 /* YYTextEffectWindow.h */; };
		35AFDB952431FBA7006AE732 /* YYTextView.h in Headers */ = {isa = PBXBuildFile; fileRef = 35AFDB642431FBA7006AE732 /* YYTextView.h */; };
		35AFDB962431FBA7006AE732 /* YYTextUtilities.h in Headers */ = {isa = PBXBuildFile; fileRef = 35AFDB652431FBA7006AE732 /* YYTextUtilities.h */; };
		35AFDB972431FBA7006AE732 /* YYTextContainerView.h in Headers */ = {isa = PBXBuildFile; fileRef = 35AFDB662431FBA7006AE732 /* YYTextContainerView.h */; };
		35AFDB982431FBA7006AE732 /* YYTextRunDelegate.h in Headers */ = {isa = PBXBuildFile; fileRef = 35AFDB672431FBA7006AE732 /* YYTextRunDelegate.h */; };
		35AFDB992431FBA7006AE732 /* NSAttributedString+YYText.h in Headers */ = {isa = PBXBuildFile; fileRef = 35AFDB682431FBA7006AE732 /* NSAttributedString+YYText.h */; };
		35AFDB9A2431FBA7006AE732 /* YYTextParser.h in Headers */ = {isa = PBXBuildFile; fileRef = 35AFDB692431FBA7006AE732 /* YYTextParser.h */; };
		35AFDB9B2431FBA7006AE732 /* NSParagraphStyle+YYText.h in Headers */ = {isa = PBXBuildFile; fileRef = 35AFDB6A2431FBA7006AE732 /* NSParagraphStyle+YYText.h */; };
		35AFDB9C2431FBA7006AE732 /* YYLabel.h in Headers */ = {isa = PBXBuildFile; fileRef = 35AFDB6B2431FBA7006AE732 /* YYLabel.h */; };
		35AFDB9D2431FBA7006AE732 /* YYTextInput.h in Headers */ = {isa = PBXBuildFile; fileRef = 35AFDB6C2431FBA7006AE732 /* YYTextInput.h */; };
		35AFDB9E2431FBA7006AE732 /* UIPasteboard+YYText.h in Headers */ = {isa = PBXBuildFile; fileRef = 35AFDB6D2431FBA7006AE732 /* UIPasteboard+YYText.h */; };
		35AFDB9F2431FBA7006AE732 /* NSAttributedString+YYText.m in Sources */ = {isa = PBXBuildFile; fileRef = 35AFDB6E2431FBA7006AE732 /* NSAttributedString+YYText.m */; };
		35AFDBA02431FBA7006AE732 /* UIPasteboard+YYText.m in Sources */ = {isa = PBXBuildFile; fileRef = 35AFDB6F2431FBA7006AE732 /* UIPasteboard+YYText.m */; };
		35AFDBA12431FBA7006AE732 /* YYTextInput.m in Sources */ = {isa = PBXBuildFile; fileRef = 35AFDB702431FBA7006AE732 /* YYTextInput.m */; };
		35AFDBA22431FBA7006AE732 /* YYLabel.m in Sources */ = {isa = PBXBuildFile; fileRef = 35AFDB712431FBA7006AE732 /* YYLabel.m */; };
		35AFDBA32431FBA7006AE732 /* YYTextLayout.m in Sources */ = {isa = PBXBuildFile; fileRef = 35AFDB722431FBA7006AE732 /* YYTextLayout.m */; };
		35AFDBA42431FBA7006AE732 /* YYTextLine.m in Sources */ = {isa = PBXBuildFile; fileRef = 35AFDB732431FBA7006AE732 /* YYTextLine.m */; };
		35AFDBA52431FBA7006AE732 /* YYTextSelectionView.m in Sources */ = {isa = PBXBuildFile; fileRef = 35AFDB742431FBA7006AE732 /* YYTextSelectionView.m */; };
		35AFDBA62431FBA7006AE732 /* YYTextKeyboardManager.m in Sources */ = {isa = PBXBuildFile; fileRef = 35AFDB752431FBA7006AE732 /* YYTextKeyboardManager.m */; };
		35AFDBA72431FBA7006AE732 /* YYTextAttribute.m in Sources */ = {isa = PBXBuildFile; fileRef = 35AFDB762431FBA7006AE732 /* YYTextAttribute.m */; };
		35AFDBA82431FBA7006AE732 /* YYTextTransaction.m in Sources */ = {isa = PBXBuildFile; fileRef = 35AFDB772431FBA7006AE732 /* YYTextTransaction.m */; };
		35AFDBA92431FBA7006AE732 /* UIView+YYText.m in Sources */ = {isa = PBXBuildFile; fileRef = 35AFDB782431FBA7006AE732 /* UIView+YYText.m */; };
		35AFDBAA2431FBA7006AE732 /* YYTextAsyncLayer.m in Sources */ = {isa = PBXBuildFile; fileRef = 35AFDB792431FBA7006AE732 /* YYTextAsyncLayer.m */; };
		35AFDBAB2431FBA7006AE732 /* YYTextArchiver.m in Sources */ = {isa = PBXBuildFile; fileRef = 35AFDB7A2431FBA7006AE732 /* YYTextArchiver.m */; };
		35AFDBAC2431FBA7006AE732 /* YYTextWeakProxy.m in Sources */ = {isa = PBXBuildFile; fileRef = 35AFDB7B2431FBA7006AE732 /* YYTextWeakProxy.m */; };
		35AFDBAD2431FBA7006AE732 /* YYTextRubyAnnotation.m in Sources */ = {isa = PBXBuildFile; fileRef = 35AFDB7C2431FBA7006AE732 /* YYTextRubyAnnotation.m */; };
		35AFDBAE2431FBA7006AE732 /* YYTextDebugOption.m in Sources */ = {isa = PBXBuildFile; fileRef = 35AFDB7D2431FBA7006AE732 /* YYTextDebugOption.m */; };
		D995E6BB1F372EC800EBEE44 /* Accelerate.framework in Frameworks */ = {isa = PBXBuildFile; fileRef = D918BFE61F372E9B00106E14 /* Accelerate.framework */; };
		D995E6BC1F372EC800EBEE44 /* CoreText.framework in Frameworks */ = {isa = PBXBuildFile; fileRef = D918BFE51F372E9800106E14 /* CoreText.framework */; };
		D995E6BD1F372EC800EBEE44 /* QuartzCore.framework in Frameworks */ = {isa = PBXBuildFile; fileRef = D918BFE41F372E7A00106E14 /* QuartzCore.framework */; };
		D995E6BE1F372EC800EBEE44 /* UIKit.framework in Frameworks */ = {isa = PBXBuildFile; fileRef = D918BFE31F372E7600106E14 /* UIKit.framework */; };
		D995E6BF1F372EC800EBEE44 /* CoreFoundation.framework in Frameworks */ = {isa = PBXBuildFile; fileRef = D918BFE21F372E6800106E14 /* CoreFoundation.framework */; };
/* End PBXBuildFile section */

/* Begin PBXFileReference section */
		3506429324213E6C005A1B82 /* CoreServices.framework */ = {isa = PBXFileReference; lastKnownFileType = wrapper.framework; name = CoreServices.framework; path = Platforms/MacOSX.platform/Developer/SDKs/MacOSX10.15.sdk/System/Library/Frameworks/CoreServices.framework; sourceTree = DEVELOPER_DIR; };
		35AFDB4C2431FBA6006AE732 /* YYTextMagnifier.m */ = {isa = PBXFileReference; fileEncoding = 4; lastKnownFileType = sourcecode.c.objc; path = YYTextMagnifier.m; sourceTree = "<group>"; };
		35AFDB4D2431FBA6006AE732 /* YYTextRunDelegate.m */ = {isa = PBXFileReference; fileEncoding = 4; lastKnownFileType = sourcecode.c.objc; path = YYTextRunDelegate.m; sourceTree = "<group>"; };
		35AFDB4E2431FBA6006AE732 /* YYTextContainerView.m */ = {isa = PBXFileReference; fileEncoding = 4; lastKnownFileType = sourcecode.c.objc; path = YYTextContainerView.m; sourceTree = "<group>"; };
		35AFDB4F2431FBA6006AE732 /* YYTextUtilities.m */ = {isa = PBXFileReference; fileEncoding = 4; lastKnownFileType = sourcecode.c.objc; path = YYTextUtilities.m; sourceTree = "<group>"; };
		35AFDB502431FBA6006AE732 /* YYTextEffectWindow.m */ = {isa = PBXFileReference; fileEncoding = 4; lastKnownFileType = sourcecode.c.objc; path = YYTextEffectWindow.m; sourceTree = "<group>"; };
		35AFDB512431FBA6006AE732 /* YYTextView.m */ = {isa = PBXFileReference; fileEncoding = 4; lastKnownFileType = sourcecode.c.objc; path = YYTextView.m; sourceTree = "<group>"; };
		35AFDB522431FBA6006AE732 /* NSParagraphStyle+YYText.m */ = {isa = PBXFileReference; fileEncoding = 4; lastKnownFileType = sourcecode.c.objc; path = "NSParagraphStyle+YYText.m"; sourceTree = "<group>"; };
		35AFDB532431FBA6006AE732 /* YYTextParser.m */ = {isa = PBXFileReference; fileEncoding = 4; lastKnownFileType = sourcecode.c.objc; path = YYTextParser.m; sourceTree = "<group>"; };
		35AFDB552431FBA6006AE732 /* YYTextSelectionView.h */ = {isa = PBXFileReference; fileEncoding = 4; lastKnownFileType = sourcecode.c.h; path = YYTextSelectionView.h; sourceTree = "<group>"; };
		35AFDB562431FBA6006AE732 /* YYTextLine.h */ = {isa = PBXFileReference; fileEncoding = 4; lastKnownFileType = sourcecode.c.h; path = YYTextLine.h; sourceTree = "<group>"; };
		35AFDB572431FBA6006AE732 /* YYTextLayout.h */ = {isa = PBXFileReference; fileEncoding = 4; lastKnownFileType = sourcecode.c.h; path = YYTextLayout.h; sourceTree = "<group>"; };
		35AFDB582431FBA6006AE732 /* YYText.h */ = {isa = PBXFileReference; fileEncoding = 4; lastKnownFileType = sourcecode.c.h; path = YYText.h; sourceTree = "<group>"; };
		35AFDB592431FBA6006AE732 /* YYTextKeyboardManager.h */ = {isa = PBXFileReference; fileEncoding = 4; lastKnownFileType = sourcecode.c.h; path = YYTextKeyboardManager.h; sourceTree = "<group>"; };
		35AFDB5A2431FBA6006AE732 /* YYTextAttribute.h */ = {isa = PBXFileReference; fileEncoding = 4; lastKnownFileType = sourcecode.c.h; path = YYTextAttribute.h; sourceTree = "<group>"; };
		35AFDB5B2431FBA6006AE732 /* UIView+YYText.h */ = {isa = PBXFileReference; fileEncoding = 4; lastKnownFileType = sourcecode.c.h; path = "UIView+YYText.h"; sourceTree = "<group>"; };
		35AFDB5C2431FBA7006AE732 /* YYTextTransaction.h */ = {isa = PBXFileReference; fileEncoding = 4; lastKnownFileType = sourcecode.c.h; path = YYTextTransaction.h; sourceTree = "<group>"; };
		35AFDB5D2431FBA7006AE732 /* YYTextDebugOption.h */ = {isa = PBXFileReference; fileEncoding = 4; lastKnownFileType = sourcecode.c.h; path = YYTextDebugOption.h; sourceTree = "<group>"; };
		35AFDB5E2431FBA7006AE732 /* YYTextRubyAnnotation.h */ = {isa = PBXFileReference; fileEncoding = 4; lastKnownFileType = sourcecode.c.h; path = YYTextRubyAnnotation.h; sourceTree = "<group>"; };
		35AFDB5F2431FBA7006AE732 /* YYTextWeakProxy.h */ = {isa = PBXFileReference; fileEncoding = 4; lastKnownFileType = sourcecode.c.h; path = YYTextWeakProxy.h; sourceTree = "<group>"; };
		35AFDB602431FBA7006AE732 /* YYTextArchiver.h */ = {isa = PBXFileReference; fileEncoding = 4; lastKnownFileType = sourcecode.c.h; path = YYTextArchiver.h; sourceTree = "<group>"; };
		35AFDB612431FBA7006AE732 /* YYTextAsyncLayer.h */ = {isa = PBXFileReference; fileEncoding = 4; lastKnownFileType = sourcecode.c.h; path = YYTextAsyncLayer.h; sourceTree = "<group>"; };
		35AFDB622431FBA7006AE732 /* YYTextMagnifier.h */ = {isa = PBXFileReference; fileEncoding = 4; lastKnownFileType = sourcecode.c.h; path = YYTextMagnifier.h; sourceTree = "<group>"; };
		35AFDB632431FBA7006AE732 /* YYTextEffectWindow.h */ = {isa = PBXFileReference; fileEncoding = 4; lastKnownFileType = sourcecode.c.h; path = YYTextEffectWindow.h; sourceTree = "<group>"; };
		35AFDB642431FBA7006AE732 /* YYTextView.h */ = {isa = PBXFileReference; fileEncoding = 4; lastKnownFileType = sourcecode.c.h; path = YYTextView.h; sourceTree = "<group>"; };
		35AFDB652431FBA7006AE732 /* YYTextUtilities.h */ = {isa = PBXFileReference; fileEncoding = 4; lastKnownFileType = sourcecode.c.h; path = YYTextUtilities.h; sourceTree = "<group>"; };
		35AFDB662431FBA7006AE732 /* YYTextContainerView.h */ = {isa = PBXFileReference; fileEncoding = 4; lastKnownFileType = sourcecode.c.h; path = YYTextContainerView.h; sourceTree = "<group>"; };
		35AFDB672431FBA7006AE732 /* YYTextRunDelegate.h */ = {isa = PBXFileReference; fileEncoding = 4; lastKnownFileType = sourcecode.c.h; path = YYTextRunDelegate.h; sourceTree = "<group>"; };
		35AFDB682431FBA7006AE732 /* NSAttributedString+YYText.h */ = {isa = PBXFileReference; fileEncoding = 4; lastKnownFileType = sourcecode.c.h; path = "NSAttributedString+YYText.h"; sourceTree = "<group>"; };
		35AFDB692431FBA7006AE732 /* YYTextParser.h */ = {isa = PBXFileReference; fileEncoding = 4; lastKnownFileType = sourcecode.c.h; path = YYTextParser.h; sourceTree = "<group>"; };
		35AFDB6A2431FBA7006AE732 /* NSParagraphStyle+YYText.h */ = {isa = PBXFileReference; fileEncoding = 4; lastKnownFileType = sourcecode.c.h; path = "NSParagraphStyle+YYText.h"; sourceTree = "<group>"; };
		35AFDB6B2431FBA7006AE732 /* YYLabel.h */ = {isa = PBXFileReference; fileEncoding = 4; lastKnownFileType = sourcecode.c.h; path = YYLabel.h; sourceTree = "<group>"; };
		35AFDB6C2431FBA7006AE732 /* YYTextInput.h */ = {isa = PBXFileReference; fileEncoding = 4; lastKnownFileType = sourcecode.c.h; path = YYTextInput.h; sourceTree = "<group>"; };
		35AFDB6D2431FBA7006AE732 /* UIPasteboard+YYText.h */ = {isa = PBXFileReference; fileEncoding = 4; lastKnownFileType = sourcecode.c.h; path = "UIPasteboard+YYText.h"; sourceTree = "<group>"; };
		35AFDB6E2431FBA7006AE732 /* NSAttributedString+YYText.m */ = {isa = PBXFileReference; fileEncoding = 4; lastKnownFileType = sourcecode.c.objc; path = "NSAttributedString+YYText.m"; sourceTree = "<group>"; };
		35AFDB6F2431FBA7006AE732 /* UIPasteboard+YYText.m */ = {isa = PBXFileReference; fileEncoding = 4; lastKnownFileType = sourcecode.c.objc; path = "UIPasteboard+YYText.m"; sourceTree = "<group>"; };
		35AFDB702431FBA7006AE732 /* YYTextInput.m */ = {isa = PBXFileReference; fileEncoding = 4; lastKnownFileType = sourcecode.c.objc; path = YYTextInput.m; sourceTree = "<group>"; };
		35AFDB712431FBA7006AE732 /* YYLabel.m */ = {isa = PBXFileReference; fileEncoding = 4; lastKnownFileType = sourcecode.c.objc; path = YYLabel.m; sourceTree = "<group>"; };
		35AFDB722431FBA7006AE732 /* YYTextLayout.m */ = {isa = PBXFileReference; fileEncoding = 4; lastKnownFileType = sourcecode.c.objc; path = YYTextLayout.m; sourceTree = "<group>"; };
		35AFDB732431FBA7006AE732 /* YYTextLine.m */ = {isa = PBXFileReference; fileEncoding = 4; lastKnownFileType = sourcecode.c.objc; path = YYTextLine.m; sourceTree = "<group>"; };
		35AFDB742431FBA7006AE732 /* YYTextSelectionView.m */ = {isa = PBXFileReference; fileEncoding = 4; lastKnownFileType = sourcecode.c.objc; path = YYTextSelectionView.m; sourceTree = "<group>"; };
		35AFDB752431FBA7006AE732 /* YYTextKeyboardManager.m */ = {isa = PBXFileReference; fileEncoding = 4; lastKnownFileType = sourcecode.c.objc; path = YYTextKeyboardManager.m; sourceTree = "<group>"; };
		35AFDB762431FBA7006AE732 /* YYTextAttribute.m */ = {isa = PBXFileReference; fileEncoding = 4; lastKnownFileType = sourcecode.c.objc; path = YYTextAttribute.m; sourceTree = "<group>"; };
		35AFDB772431FBA7006AE732 /* YYTextTransaction.m */ = {isa = PBXFileReference; fileEncoding = 4; lastKnownFileType = sourcecode.c.objc; path = YYTextTransaction.m; sourceTree = "<group>"; };
		35AFDB782431FBA7006AE732 /* UIView+YYText.m */ = {isa = PBXFileReference; fileEncoding = 4; lastKnownFileType = sourcecode.c.objc; path = "UIView+YYText.m"; sourceTree = "<group>"; };
		35AFDB792431FBA7006AE732 /* YYTextAsyncLayer.m */ = {isa = PBXFileReference; fileEncoding = 4; lastKnownFileType = sourcecode.c.objc; path = YYTextAsyncLayer.m; sourceTree = "<group>"; };
		35AFDB7A2431FBA7006AE732 /* YYTextArchiver.m */ = {isa = PBXFileReference; fileEncoding = 4; lastKnownFileType = sourcecode.c.objc; path = YYTextArchiver.m; sourceTree = "<group>"; };
		35AFDB7B2431FBA7006AE732 /* YYTextWeakProxy.m */ = {isa = PBXFileReference; fileEncoding = 4; lastKnownFileType = sourcecode.c.objc; path = YYTextWeakProxy.m; sourceTree = "<group>"; };
		35AFDB7C2431FBA7006AE732 /* YYTextRubyAnnotation.m */ = {isa = PBXFileReference; fileEncoding = 4; lastKnownFileType = sourcecode.c.objc; path = YYTextRubyAnnotation.m; sourceTree = "<group>"; };
		35AFDB7D2431FBA7006AE732 /* YYTextDebugOption.m */ = {isa = PBXFileReference; fileEncoding = 4; lastKnownFileType = sourcecode.c.objc; path = YYTextDebugOption.m; sourceTree = "<group>"; };
		D918BFD61F372E3000106E14 /* YYText.framework */ = {isa = PBXFileReference; explicitFileType = wrapper.framework; includeInIndex = 0; path = YYText.framework; sourceTree = BUILT_PRODUCTS_DIR; };
		D918BFDA1F372E3000106E14 /* Info.plist */ = {isa = PBXFileReference; lastKnownFileType = text.plist.xml; path = Info.plist; sourceTree = "<group>"; };
		D918BFE21F372E6800106E14 /* CoreFoundation.framework */ = {isa = PBXFileReference; lastKnownFileType = wrapper.framework; name = CoreFoundation.framework; path = System/Library/Frameworks/CoreFoundation.framework; sourceTree = SDKROOT; };
		D918BFE31F372E7600106E14 /* UIKit.framework */ = {isa = PBXFileReference; lastKnownFileType = wrapper.framework; name = UIKit.framework; path = System/Library/Frameworks/UIKit.framework; sourceTree = SDKROOT; };
		D918BFE41F372E7A00106E14 /* QuartzCore.framework */ = {isa = PBXFileReference; lastKnownFileType = wrapper.framework; name = QuartzCore.framework; path = System/Library/Frameworks/QuartzCore.framework; sourceTree = SDKROOT; };
		D918BFE51F372E9800106E14 /* CoreText.framework */ = {isa = PBXFileReference; lastKnownFileType = wrapper.framework; name = CoreText.framework; path = System/Library/Frameworks/CoreText.framework; sourceTree = SDKROOT; };
		D918BFE61F372E9B00106E14 /* Accelerate.framework */ = {isa = PBXFileReference; lastKnownFileType = wrapper.framework; name = Accelerate.framework; path = System/Library/Frameworks/Accelerate.framework; sourceTree = SDKROOT; };
/* End PBXFileReference section */

/* Begin PBXFrameworksBuildPhase section */
		D918BFD21F372E3000106E14 /* Frameworks */ = {
			isa = PBXFrameworksBuildPhase;
			buildActionMask = 2147483647;
			files = (
				D995E6BB1F372EC800EBEE44 /* Accelerate.framework in Frameworks */,
				D995E6BC1F372EC800EBEE44 /* CoreText.framework in Frameworks */,
				D995E6BD1F372EC800EBEE44 /* QuartzCore.framework in Frameworks */,
				D995E6BE1F372EC800EBEE44 /* UIKit.framework in Frameworks */,
				3506429424213E6C005A1B82 /* CoreServices.framework in Frameworks */,
				D995E6BF1F372EC800EBEE44 /* CoreFoundation.framework in Frameworks */,
			);
			runOnlyForDeploymentPostprocessing = 0;
		};
/* End PBXFrameworksBuildPhase section */

/* Begin PBXGroup section */
		35AFDB4B2431FBA6006AE732 /* Sources */ = {
			isa = PBXGroup;
			children = (
				35AFDB6E2431FBA7006AE732 /* NSAttributedString+YYText.m */,
				35AFDB522431FBA6006AE732 /* NSParagraphStyle+YYText.m */,
				35AFDB6F2431FBA7006AE732 /* UIPasteboard+YYText.m */,
				35AFDB782431FBA7006AE732 /* UIView+YYText.m */,
				35AFDB712431FBA7006AE732 /* YYLabel.m */,
				35AFDB7A2431FBA7006AE732 /* YYTextArchiver.m */,
				35AFDB792431FBA7006AE732 /* YYTextAsyncLayer.m */,
				35AFDB762431FBA7006AE732 /* YYTextAttribute.m */,
				35AFDB4E2431FBA6006AE732 /* YYTextContainerView.m */,
				35AFDB7D2431FBA7006AE732 /* YYTextDebugOption.m */,
				35AFDB502431FBA6006AE732 /* YYTextEffectWindow.m */,
				35AFDB702431FBA7006AE732 /* YYTextInput.m */,
				35AFDB752431FBA7006AE732 /* YYTextKeyboardManager.m */,
				35AFDB722431FBA7006AE732 /* YYTextLayout.m */,
				35AFDB732431FBA7006AE732 /* YYTextLine.m */,
				35AFDB4C2431FBA6006AE732 /* YYTextMagnifier.m */,
				35AFDB532431FBA6006AE732 /* YYTextParser.m */,
				35AFDB7C2431FBA7006AE732 /* YYTextRubyAnnotation.m */,
				35AFDB4D2431FBA6006AE732 /* YYTextRunDelegate.m */,
				35AFDB742431FBA7006AE732 /* YYTextSelectionView.m */,
				35AFDB772431FBA7006AE732 /* YYTextTransaction.m */,
				35AFDB4F2431FBA6006AE732 /* YYTextUtilities.m */,
				35AFDB512431FBA6006AE732 /* YYTextView.m */,
				35AFDB7B2431FBA7006AE732 /* YYTextWeakProxy.m */,
				35AFDB542431FBA6006AE732 /* include */,
			);
			path = Sources;
			sourceTree = "<group>";
		};
		35AFDB542431FBA6006AE732 /* include */ = {
			isa = PBXGroup;
			children = (
				35AFDB552431FBA6006AE732 /* YYTextSelectionView.h */,
				35AFDB562431FBA6006AE732 /* YYTextLine.h */,
				35AFDB572431FBA6006AE732 /* YYTextLayout.h */,
				35AFDB582431FBA6006AE732 /* YYText.h */,
				35AFDB592431FBA6006AE732 /* YYTextKeyboardManager.h */,
				35AFDB5A2431FBA6006AE732 /* YYTextAttribute.h */,
				35AFDB5B2431FBA6006AE732 /* UIView+YYText.h */,
				35AFDB5C2431FBA7006AE732 /* YYTextTransaction.h */,
				35AFDB5D2431FBA7006AE732 /* YYTextDebugOption.h */,
				35AFDB5E2431FBA7006AE732 /* YYTextRubyAnnotation.h */,
				35AFDB5F2431FBA7006AE732 /* YYTextWeakProxy.h */,
				35AFDB602431FBA7006AE732 /* YYTextArchiver.h */,
				35AFDB612431FBA7006AE732 /* YYTextAsyncLayer.h */,
				35AFDB622431FBA7006AE732 /* YYTextMagnifier.h */,
				35AFDB632431FBA7006AE732 /* YYTextEffectWindow.h */,
				35AFDB642431FBA7006AE732 /* YYTextView.h */,
				35AFDB652431FBA7006AE732 /* YYTextUtilities.h */,
				35AFDB662431FBA7006AE732 /* YYTextContainerView.h */,
				35AFDB672431FBA7006AE732 /* YYTextRunDelegate.h */,
				35AFDB682431FBA7006AE732 /* NSAttributedString+YYText.h */,
				35AFDB692431FBA7006AE732 /* YYTextParser.h */,
				35AFDB6A2431FBA7006AE732 /* NSParagraphStyle+YYText.h */,
				35AFDB6B2431FBA7006AE732 /* YYLabel.h */,
				35AFDB6C2431FBA7006AE732 /* YYTextInput.h */,
				35AFDB6D2431FBA7006AE732 /* UIPasteboard+YYText.h */,
			);
			path = include;
			sourceTree = "<group>";
		};
		D918BFCC1F372E3000106E14 = {
			isa = PBXGroup;
			children = (
				35AFDB4B2431FBA6006AE732 /* Sources */,
				D918BFE11F372E6800106E14 /* Frameworks */,
				D918BFD71F372E3000106E14 /* Products */,
			);
			sourceTree = "<group>";
		};
		D918BFD71F372E3000106E14 /* Products */ = {
			isa = PBXGroup;
			children = (
				D918BFD61F372E3000106E14 /* YYText.framework */,
			);
			name = Products;
			sourceTree = "<group>";
		};
		D918BFE11F372E6800106E14 /* Frameworks */ = {
			isa = PBXGroup;
			children = (
				3506429324213E6C005A1B82 /* CoreServices.framework */,
				D918BFDA1F372E3000106E14 /* Info.plist */,
				D918BFE61F372E9B00106E14 /* Accelerate.framework */,
				D918BFE51F372E9800106E14 /* CoreText.framework */,
				D918BFE41F372E7A00106E14 /* QuartzCore.framework */,
				D918BFE31F372E7600106E14 /* UIKit.framework */,
				D918BFE21F372E6800106E14 /* CoreFoundation.framework */,
			);
			name = Frameworks;
			sourceTree = "<group>";
		};
/* End PBXGroup section */

/* Begin PBXHeadersBuildPhase section */
		D918BFD31F372E3000106E14 /* Headers */ = {
			isa = PBXHeadersBuildPhase;
			buildActionMask = 2147483647;
			files = (
				35AFDB862431FBA7006AE732 /* YYTextSelectionView.h in Headers */,
				35AFDB922431FBA7006AE732 /* YYTextAsyncLayer.h in Headers */,
				35AFDB892431FBA7006AE732 /* YYText.h in Headers */,
				35AFDB902431FBA7006AE732 /* YYTextWeakProxy.h in Headers */,
				35AFDB952431FBA7006AE732 /* YYTextView.h in Headers */,
				35AFDB962431FBA7006AE732 /* YYTextUtilities.h in Headers */,
				35AFDB9A2431FBA7006AE732 /* YYTextParser.h in Headers */,
				35AFDB932431FBA7006AE732 /* YYTextMagnifier.h in Headers */,
				35AFDB8B2431FBA7006AE732 /* YYTextAttribute.h in Headers */,
				35AFDB872431FBA7006AE732 /* YYTextLine.h in Headers */,
				35AFDB9D2431FBA7006AE732 /* YYTextInput.h in Headers */,
				35AFDB8F2431FBA7006AE732 /* YYTextRubyAnnotation.h in Headers */,
				35AFDB972431FBA7006AE732 /* YYTextContainerView.h in Headers */,
				35AFDB992431FBA7006AE732 /* NSAttributedString+YYText.h in Headers */,
				35AFDB8A2431FBA7006AE732 /* YYTextKeyboardManager.h in Headers */,
				35AFDB9E2431FBA7006AE732 /* UIPasteboard+YYText.h in Headers */,
				35AFDB8C2431FBA7006AE732 /* UIView+YYText.h in Headers */,
				35AFDB942431FBA7006AE732 /* YYTextEffectWindow.h in Headers */,
				35AFDB9C2431FBA7006AE732 /* YYLabel.h in Headers */,
				35AFDB8D2431FBA7006AE732 /* YYTextTransaction.h in Headers */,
				35AFDB912431FBA7006AE732 /* YYTextArchiver.h in Headers */,
				35AFDB882431FBA7006AE732 /* YYTextLayout.h in Headers */,
				35AFDB9B2431FBA7006AE732 /* NSParagraphStyle+YYText.h in Headers */,
				35AFDB8E2431FBA7006AE732 /* YYTextDebugOption.h in Headers */,
				35AFDB982431FBA7006AE732 /* YYTextRunDelegate.h in Headers */,
			);
			runOnlyForDeploymentPostprocessing = 0;
		};
/* End PBXHeadersBuildPhase section */

/* Begin PBXNativeTarget section */
		D918BFD51F372E3000106E14 /* YYText */ = {
			isa = PBXNativeTarget;
			buildConfigurationList = D918BFDE1F372E3000106E14 /* Build configuration list for PBXNativeTarget "YYText" */;
			buildPhases = (
				D918BFD11F372E3000106E14 /* Sources */,
				D918BFD21F372E3000106E14 /* Frameworks */,
				D918BFD31F372E3000106E14 /* Headers */,
				D918BFD41F372E3000106E14 /* Resources */,
			);
			buildRules = (
			);
			dependencies = (
			);
			name = YYText;
			productName = YYText;
			productReference = D918BFD61F372E3000106E14 /* YYText.framework */;
			productType = "com.apple.product-type.framework";
		};
/* End PBXNativeTarget section */

/* Begin PBXProject section */
		D918BFCD1F372E3000106E14 /* Project object */ = {
			isa = PBXProject;
			attributes = {
				LastUpgradeCheck = 1130;
				ORGANIZATIONNAME = ibireme;
				TargetAttributes = {
					D918BFD51F372E3000106E14 = {
						CreatedOnToolsVersion = 9.0;
					};
				};
			};
			buildConfigurationList = D918BFD01F372E3000106E14 /* Build configuration list for PBXProject "YYText" */;
			compatibilityVersion = "Xcode 8.0";
			developmentRegion = en;
			hasScannedForEncodings = 0;
			knownRegions = (
				en,
				Base,
			);
			mainGroup = D918BFCC1F372E3000106E14;
			productRefGroup = D918BFD71F372E3000106E14 /* Products */;
			projectDirPath = "";
			projectRoot = "";
			targets = (
				D918BFD51F372E3000106E14 /* YYText */,
			);
		};
/* End PBXProject section */

/* Begin PBXResourcesBuildPhase section */
		D918BFD41F372E3000106E14 /* Resources */ = {
			isa = PBXResourcesBuildPhase;
			buildActionMask = 2147483647;
			files = (
			);
			runOnlyForDeploymentPostprocessing = 0;
		};
/* End PBXResourcesBuildPhase section */

/* Begin PBXSourcesBuildPhase section */
		D918BFD11F372E3000106E14 /* Sources */ = {
			isa = PBXSourcesBuildPhase;
			buildActionMask = 2147483647;
			files = (
				35AFDBA42431FBA7006AE732 /* YYTextLine.m in Sources */,
				35AFDBA92431FBA7006AE732 /* UIView+YYText.m in Sources */,
				35AFDB822431FBA7006AE732 /* YYTextEffectWindow.m in Sources */,
				35AFDBA32431FBA7006AE732 /* YYTextLayout.m in Sources */,
				35AFDBA82431FBA7006AE732 /* YYTextTransaction.m in Sources */,
				35AFDBAE2431FBA7006AE732 /* YYTextDebugOption.m in Sources */,
				35AFDB9F2431FBA7006AE732 /* NSAttributedString+YYText.m in Sources */,
				35AFDBA22431FBA7006AE732 /* YYLabel.m in Sources */,
				35AFDBA62431FBA7006AE732 /* YYTextKeyboardManager.m in Sources */,
				35AFDB832431FBA7006AE732 /* YYTextView.m in Sources */,
				35AFDBAC2431FBA7006AE732 /* YYTextWeakProxy.m in Sources */,
				35AFDB842431FBA7006AE732 /* NSParagraphStyle+YYText.m in Sources */,
				35AFDBAB2431FBA7006AE732 /* YYTextArchiver.m in Sources */,
				35AFDBA52431FBA7006AE732 /* YYTextSelectionView.m in Sources */,
				35AFDBA72431FBA7006AE732 /* YYTextAttribute.m in Sources */,
				35AFDB7E2431FBA7006AE732 /* YYTextMagnifier.m in Sources */,
				35AFDBA02431FBA7006AE732 /* UIPasteboard+YYText.m in Sources */,
				35AFDB802431FBA7006AE732 /* YYTextContainerView.m in Sources */,
				35AFDBAA2431FBA7006AE732 /* YYTextAsyncLayer.m in Sources */,
				35AFDB852431FBA7006AE732 /* YYTextParser.m in Sources */,
				35AFDBAD2431FBA7006AE732 /* YYTextRubyAnnotation.m in Sources */,
				35AFDB7F2431FBA7006AE732 /* YYTextRunDelegate.m in Sources */,
				35AFDB812431FBA7006AE732 /* YYTextUtilities.m in Sources */,
				35AFDBA12431FBA7006AE732 /* YYTextInput.m in Sources */,
			);
			runOnlyForDeploymentPostprocessing = 0;
		};
/* End PBXSourcesBuildPhase section */

/* Begin XCBuildConfiguration section */
		D918BFDC1F372E3000106E14 /* Debug */ = {
			isa = XCBuildConfiguration;
			buildSettings = {
				ALWAYS_SEARCH_USER_PATHS = NO;
				CLANG_ANALYZER_NONNULL = YES;
				CLANG_ANALYZER_NUMBER_OBJECT_CONVERSION = YES_AGGRESSIVE;
				CLANG_CXX_LANGUAGE_STANDARD = "gnu++14";
				CLANG_CXX_LIBRARY = "libc++";
				CLANG_ENABLE_MODULES = YES;
				CLANG_ENABLE_OBJC_ARC = YES;
				CLANG_WARN_BLOCK_CAPTURE_AUTORELEASING = YES;
				CLANG_WARN_BOOL_CONVERSION = YES;
				CLANG_WARN_COMMA = YES;
				CLANG_WARN_CONSTANT_CONVERSION = YES;
				CLANG_WARN_DEPRECATED_OBJC_IMPLEMENTATIONS = YES;
				CLANG_WARN_DIRECT_OBJC_ISA_USAGE = YES_ERROR;
				CLANG_WARN_DOCUMENTATION_COMMENTS = YES;
				CLANG_WARN_EMPTY_BODY = YES;
				CLANG_WARN_ENUM_CONVERSION = YES;
				CLANG_WARN_INFINITE_RECURSION = YES;
				CLANG_WARN_INT_CONVERSION = YES;
				CLANG_WARN_NON_LITERAL_NULL_CONVERSION = YES;
				CLANG_WARN_OBJC_IMPLICIT_RETAIN_SELF = YES;
				CLANG_WARN_OBJC_LITERAL_CONVERSION = YES;
				CLANG_WARN_OBJC_ROOT_CLASS = YES_ERROR;
				CLANG_WARN_RANGE_LOOP_ANALYSIS = YES;
				CLANG_WARN_STRICT_PROTOTYPES = YES;
				CLANG_WARN_SUSPICIOUS_MOVE = YES;
				CLANG_WARN_UNGUARDED_AVAILABILITY = YES_AGGRESSIVE;
				CLANG_WARN_UNREACHABLE_CODE = YES;
				CLANG_WARN__DUPLICATE_METHOD_MATCH = YES;
				CODE_SIGN_IDENTITY = "iPhone Developer";
				COPY_PHASE_STRIP = NO;
				CURRENT_PROJECT_VERSION = 1;
				DEBUG_INFORMATION_FORMAT = dwarf;
				ENABLE_STRICT_OBJC_MSGSEND = YES;
				ENABLE_TESTABILITY = YES;
				GCC_C_LANGUAGE_STANDARD = gnu11;
				GCC_DYNAMIC_NO_PIC = NO;
				GCC_NO_COMMON_BLOCKS = YES;
				GCC_OPTIMIZATION_LEVEL = 0;
				GCC_PREPROCESSOR_DEFINITIONS = (
					"DEBUG=1",
					"$(inherited)",
				);
				GCC_WARN_64_TO_32_BIT_CONVERSION = YES;
				GCC_WARN_ABOUT_RETURN_TYPE = YES_ERROR;
				GCC_WARN_UNDECLARED_SELECTOR = YES;
				GCC_WARN_UNINITIALIZED_AUTOS = YES_AGGRESSIVE;
				GCC_WARN_UNUSED_FUNCTION = YES;
				GCC_WARN_UNUSED_VARIABLE = YES;
				IPHONEOS_DEPLOYMENT_TARGET = 13.0;
				MTL_ENABLE_DEBUG_INFO = YES;
				ONLY_ACTIVE_ARCH = YES;
				SDKROOT = iphoneos;
				VERSIONING_SYSTEM = "apple-generic";
				VERSION_INFO_PREFIX = "";
			};
			name = Debug;
		};
		D918BFDD1F372E3000106E14 /* Release */ = {
			isa = XCBuildConfiguration;
			buildSettings = {
				ALWAYS_SEARCH_USER_PATHS = NO;
				CLANG_ANALYZER_NONNULL = YES;
				CLANG_ANALYZER_NUMBER_OBJECT_CONVERSION = YES_AGGRESSIVE;
				CLANG_CXX_LANGUAGE_STANDARD = "gnu++14";
				CLANG_CXX_LIBRARY = "libc++";
				CLANG_ENABLE_MODULES = YES;
				CLANG_ENABLE_OBJC_ARC = YES;
				CLANG_WARN_BLOCK_CAPTURE_AUTORELEASING = YES;
				CLANG_WARN_BOOL_CONVERSION = YES;
				CLANG_WARN_COMMA = YES;
				CLANG_WARN_CONSTANT_CONVERSION = YES;
				CLANG_WARN_DEPRECATED_OBJC_IMPLEMENTATIONS = YES;
				CLANG_WARN_DIRECT_OBJC_ISA_USAGE = YES_ERROR;
				CLANG_WARN_DOCUMENTATION_COMMENTS = YES;
				CLANG_WARN_EMPTY_BODY = YES;
				CLANG_WARN_ENUM_CONVERSION = YES;
				CLANG_WARN_INFINITE_RECURSION = YES;
				CLANG_WARN_INT_CONVERSION = YES;
				CLANG_WARN_NON_LITERAL_NULL_CONVERSION = YES;
				CLANG_WARN_OBJC_IMPLICIT_RETAIN_SELF = YES;
				CLANG_WARN_OBJC_LITERAL_CONVERSION = YES;
				CLANG_WARN_OBJC_ROOT_CLASS = YES_ERROR;
				CLANG_WARN_RANGE_LOOP_ANALYSIS = YES;
				CLANG_WARN_STRICT_PROTOTYPES = YES;
				CLANG_WARN_SUSPICIOUS_MOVE = YES;
				CLANG_WARN_UNGUARDED_AVAILABILITY = YES_AGGRESSIVE;
				CLANG_WARN_UNREACHABLE_CODE = YES;
				CLANG_WARN__DUPLICATE_METHOD_MATCH = YES;
				CODE_SIGN_IDENTITY = "iPhone Developer";
				COPY_PHASE_STRIP = NO;
				CURRENT_PROJECT_VERSION = 1;
				DEBUG_INFORMATION_FORMAT = "dwarf-with-dsym";
				ENABLE_NS_ASSERTIONS = NO;
				ENABLE_STRICT_OBJC_MSGSEND = YES;
				GCC_C_LANGUAGE_STANDARD = gnu11;
				GCC_NO_COMMON_BLOCKS = YES;
				GCC_WARN_64_TO_32_BIT_CONVERSION = YES;
				GCC_WARN_ABOUT_RETURN_TYPE = YES_ERROR;
				GCC_WARN_UNDECLARED_SELECTOR = YES;
				GCC_WARN_UNINITIALIZED_AUTOS = YES_AGGRESSIVE;
				GCC_WARN_UNUSED_FUNCTION = YES;
				GCC_WARN_UNUSED_VARIABLE = YES;
				IPHONEOS_DEPLOYMENT_TARGET = 13.0;
				MTL_ENABLE_DEBUG_INFO = NO;
				SDKROOT = iphoneos;
				VALIDATE_PRODUCT = YES;
				VERSIONING_SYSTEM = "apple-generic";
				VERSION_INFO_PREFIX = "";
			};
			name = Release;
		};
		D918BFDF1F372E3000106E14 /* Debug */ = {
			isa = XCBuildConfiguration;
			buildSettings = {
				APPLICATION_EXTENSION_API_ONLY = YES;
				CLANG_ANALYZER_SECURITY_FLOATLOOPCOUNTER = YES;
				CLANG_ANALYZER_SECURITY_INSECUREAPI_RAND = YES;
				CLANG_ANALYZER_SECURITY_INSECUREAPI_STRCPY = YES;
				CODE_SIGN_IDENTITY = "";
				DEFINES_MODULE = YES;
				DYLIB_COMPATIBILITY_VERSION = 1;
				DYLIB_CURRENT_VERSION = 1;
				DYLIB_INSTALL_NAME_BASE = "@rpath";
				ENABLE_HARDENED_RUNTIME = YES;
				INFOPLIST_FILE = "$(SRCROOT)/Info.plist";
				INSTALL_PATH = "$(LOCAL_LIBRARY_DIR)/Frameworks";
				IPHONEOS_DEPLOYMENT_TARGET = 13.0;
				LD_RUNPATH_SEARCH_PATHS = "$(inherited) @executable_path/Frameworks @loader_path/Frameworks";
				MARKETING_VERSION = 1.1;
				PRODUCT_BUNDLE_IDENTIFIER = com.ibireme.YYText;
				PRODUCT_NAME = "$(TARGET_NAME:c99extidentifier)";
				SKIP_INSTALL = YES;
				TARGETED_DEVICE_FAMILY = "1,2";
			};
			name = Debug;
		};
		D918BFE01F372E3000106E14 /* Release */ = {
			isa = XCBuildConfiguration;
			buildSettings = {
				APPLICATION_EXTENSION_API_ONLY = YES;
				CLANG_ANALYZER_SECURITY_FLOATLOOPCOUNTER = YES;
				CLANG_ANALYZER_SECURITY_INSECUREAPI_RAND = YES;
				CLANG_ANALYZER_SECURITY_INSECUREAPI_STRCPY = YES;
				CODE_SIGN_IDENTITY = "";
				DEFINES_MODULE = YES;
				DYLIB_COMPATIBILITY_VERSION = 1;
				DYLIB_CURRENT_VERSION = 1;
				DYLIB_INSTALL_NAME_BASE = "@rpath";
				ENABLE_HARDENED_RUNTIME = YES;
				INFOPLIST_FILE = "$(SRCROOT)/Info.plist";
				INSTALL_PATH = "$(LOCAL_LIBRARY_DIR)/Frameworks";
				IPHONEOS_DEPLOYMENT_TARGET = 13.0;
				LD_RUNPATH_SEARCH_PATHS = "$(inherited) @executable_path/Frameworks @loader_path/Frameworks";
				MARKETING_VERSION = 1.1;
				PRODUCT_BUNDLE_IDENTIFIER = com.ibireme.YYText;
				PRODUCT_NAME = "$(TARGET_NAME:c99extidentifier)";
				SKIP_INSTALL = YES;
				TARGETED_DEVICE_FAMILY = "1,2";
			};
			name = Release;
		};
/* End XCBuildConfiguration section */

/* Begin XCConfigurationList section */
		D918BFD01F372E3000106E14 /* Build configuration list for PBXProject "YYText" */ = {
			isa = XCConfigurationList;
			buildConfigurations = (
				D918BFDC1F372E3000106E14 /* Debug */,
				D918BFDD1F372E3000106E14 /* Release */,
			);
			defaultConfigurationIsVisible = 0;
			defaultConfigurationName = Release;
		};
		D918BFDE1F372E3000106E14 /* Build configuration list for PBXNativeTarget "YYText" */ = {
			isa = XCConfigurationList;
			buildConfigurations = (
				D918BFDF1F372E3000106E14 /* Debug */,
				D918BFE01F372E3000106E14 /* Release */,
			);
			defaultConfigurationIsVisible = 0;
			defaultConfigurationName = Release;
		};
/* End XCConfigurationList section */
	};
	rootObject = D918BFCD1F372E3000106E14 /* Project object */;
}
